
Microsoft Visual Studio Solution File, Format Version 12.00
# Visual Studio Version 16
VisualStudioVersion = 25.0.1706.14
MinimumVisualStudioVersion = 10.0.40219.1
Project("{FAE04EC0-301F-11D3-BF4B-00C04F79EFBC}") = "ImplementStrStr", "ImplementStrStr.csproj", "{DCC30193-9EA0-4BE8-8944-64DF38662285}"
EndProject
Global
	GlobalSection(SolutionConfigurationPlatforms) = preSolution
		Debug|Any CPU = Debug|Any CPU
		Release|Any CPU = Release|Any CPU
	EndGlobalSection
	GlobalSection(ProjectConfigurationPlatforms) = postSolution
		{DCC30193-9EA0-4BE8-8944-64DF38662285}.Debug|Any CPU.ActiveCfg = Debug|Any CPU
		{DCC30193-9EA0-4BE8-8944-64DF38662285}.Debug|Any CPU.Build.0 = Debug|Any CPU
		{DCC30193-9EA0-4BE8-8944-64DF38662285}.Release|Any CPU.ActiveCfg = Release|Any CPU
		{DCC30193-9EA0-4BE8-8944-64DF38662285}.Release|Any CPU.Build.0 = Release|Any CPU
	EndGlobalSection
	GlobalSection(SolutionProperties) = preSolution
		HideSolutionNode = FALSE
	EndGlobalSection
	GlobalSection(ExtensibilityGlobals) = postSolution
		SolutionGuid = {BCFDC65A-7CA8-439B-A8D3-DC218687A76A}
	EndGlobalSection
EndGlobal
