
Microsoft Visual Studio Solution File, Format Version 12.00
# Visual Studio Version 16
VisualStudioVersion = 25.0.1706.14
MinimumVisualStudioVersion = 10.0.40219.1
Project("{FAE04EC0-301F-11D3-BF4B-00C04F79EFBC}") = "ContainsDuplicate", "ContainsDuplicate.csproj", "{448E7A73-8261-44BD-BF0B-916381D4B841}"
EndProject
Global
	GlobalSection(SolutionConfigurationPlatforms) = preSolution
		Debug|Any CPU = Debug|Any CPU
		Release|Any CPU = Release|Any CPU
	EndGlobalSection
	GlobalSection(ProjectConfigurationPlatforms) = postSolution
		{448E7A73-8261-44BD-BF0B-916381D4B841}.Debug|Any CPU.ActiveCfg = Debug|Any CPU
		{448E7A73-8261-44BD-BF0B-916381D4B841}.Debug|Any CPU.Build.0 = Debug|Any CPU
		{448E7A73-8261-44BD-BF0B-916381D4B841}.Release|Any CPU.ActiveCfg = Release|Any CPU
		{448E7A73-8261-44BD-BF0B-916381D4B841}.Release|Any CPU.Build.0 = Release|Any CPU
	EndGlobalSection
	GlobalSection(SolutionProperties) = preSolution
		HideSolutionNode = FALSE
	EndGlobalSection
	GlobalSection(ExtensibilityGlobals) = postSolution
		SolutionGuid = {416FB373-A490-47C4-9A7E-6CC4D4452FD3}
	EndGlobalSection
EndGlobal
