
Microsoft Visual Studio Solution File, Format Version 12.00
# Visual Studio Version 16
VisualStudioVersion = 25.0.1706.7
MinimumVisualStudioVersion = 10.0.40219.1
Project("{FAE04EC0-301F-11D3-BF4B-00C04F79EFBC}") = "Solution14", "Solution14\Solution14.csproj", "{323E00A4-FC24-4F51-9DE8-87BDC864634C}"
EndProject
Global
	GlobalSection(SolutionConfigurationPlatforms) = preSolution
		Debug|Any CPU = Debug|Any CPU
		Release|Any CPU = Release|Any CPU
	EndGlobalSection
	GlobalSection(ProjectConfigurationPlatforms) = postSolution
		{323E00A4-FC24-4F51-9DE8-87BDC864634C}.Debug|Any CPU.ActiveCfg = Debug|Any CPU
		{323E00A4-FC24-4F51-9DE8-87BDC864634C}.Debug|Any CPU.Build.0 = Debug|Any CPU
		{323E00A4-FC24-4F51-9DE8-87BDC864634C}.Release|Any CPU.ActiveCfg = Release|Any CPU
		{323E00A4-FC24-4F51-9DE8-87BDC864634C}.Release|Any CPU.Build.0 = Release|Any CPU
	EndGlobalSection
	GlobalSection(SolutionProperties) = preSolution
		HideSolutionNode = FALSE
	EndGlobalSection
	GlobalSection(ExtensibilityGlobals) = postSolution
		SolutionGuid = {9C6C47AD-63D3-44F8-A7CA-DA0F284320F4}
	EndGlobalSection
EndGlobal
