
Microsoft Visual Studio Solution File, Format Version 12.00
# Visual Studio Version 16
VisualStudioVersion = 25.0.1706.7
MinimumVisualStudioVersion = 10.0.40219.1
Project("{FAE04EC0-301F-11D3-BF4B-00C04F79EFBC}") = "Solution14", "Solution14\Solution14.csproj", "{D54AB839-E3C9-4841-A96A-3FA733037FA4}"
EndProject
Global
	GlobalSection(SolutionConfigurationPlatforms) = preSolution
		Debug|Any CPU = Debug|Any CPU
		Release|Any CPU = Release|Any CPU
	EndGlobalSection
	GlobalSection(ProjectConfigurationPlatforms) = postSolution
		{D54AB839-E3C9-4841-A96A-3FA733037FA4}.Debug|Any CPU.ActiveCfg = Debug|Any CPU
		{D54AB839-E3C9-4841-A96A-3FA733037FA4}.Debug|Any CPU.Build.0 = Debug|Any CPU
		{D54AB839-E3C9-4841-A96A-3FA733037FA4}.Release|Any CPU.ActiveCfg = Release|Any CPU
		{D54AB839-E3C9-4841-A96A-3FA733037FA4}.Release|Any CPU.Build.0 = Release|Any CPU
	EndGlobalSection
	GlobalSection(SolutionProperties) = preSolution
		HideSolutionNode = FALSE
	EndGlobalSection
	GlobalSection(ExtensibilityGlobals) = postSolution
		SolutionGuid = {7795A201-0165-4E31-A066-F67126A724AA}
	EndGlobalSection
EndGlobal
