
Microsoft Visual Studio Solution File, Format Version 12.00
# Visual Studio Version 16
VisualStudioVersion = 25.0.1706.14
MinimumVisualStudioVersion = 10.0.40219.1
Project("{FAE04EC0-301F-11D3-BF4B-00C04F79EFBC}") = "StringBuilderProjects", "StringBuilderProjects.csproj", "{2B4EDEE8-13BA-4D9D-8BBB-8B4101864F38}"
EndProject
Global
	GlobalSection(SolutionConfigurationPlatforms) = preSolution
		Debug|Any CPU = Debug|Any CPU
		Release|Any CPU = Release|Any CPU
	EndGlobalSection
	GlobalSection(ProjectConfigurationPlatforms) = postSolution
		{2B4EDEE8-13BA-4D9D-8BBB-8B4101864F38}.Debug|Any CPU.ActiveCfg = Debug|Any CPU
		{2B4EDEE8-13BA-4D9D-8BBB-8B4101864F38}.Debug|Any CPU.Build.0 = Debug|Any CPU
		{2B4EDEE8-13BA-4D9D-8BBB-8B4101864F38}.Release|Any CPU.ActiveCfg = Release|Any CPU
		{2B4EDEE8-13BA-4D9D-8BBB-8B4101864F38}.Release|Any CPU.Build.0 = Release|Any CPU
	EndGlobalSection
	GlobalSection(SolutionProperties) = preSolution
		HideSolutionNode = FALSE
	EndGlobalSection
	GlobalSection(ExtensibilityGlobals) = postSolution
		SolutionGuid = {03AD7964-4F9E-49EF-901C-22B3D7DB897B}
	EndGlobalSection
EndGlobal
