
Microsoft Visual Studio Solution File, Format Version 12.00
# Visual Studio Version 16
VisualStudioVersion = 25.0.1706.14
MinimumVisualStudioVersion = 10.0.40219.1
Project("{FAE04EC0-301F-11D3-BF4B-00C04F79EFBC}") = "Merge_String_Alternately", "Merge_String_Alternately.csproj", "{3F75FD42-55E3-4C7F-A853-DCD1D293C341}"
EndProject
Global
	GlobalSection(SolutionConfigurationPlatforms) = preSolution
		Debug|Any CPU = Debug|Any CPU
		Release|Any CPU = Release|Any CPU
	EndGlobalSection
	GlobalSection(ProjectConfigurationPlatforms) = postSolution
		{3F75FD42-55E3-4C7F-A853-DCD1D293C341}.Debug|Any CPU.ActiveCfg = Debug|Any CPU
		{3F75FD42-55E3-4C7F-A853-DCD1D293C341}.Debug|Any CPU.Build.0 = Debug|Any CPU
		{3F75FD42-55E3-4C7F-A853-DCD1D293C341}.Release|Any CPU.ActiveCfg = Release|Any CPU
		{3F75FD42-55E3-4C7F-A853-DCD1D293C341}.Release|Any CPU.Build.0 = Release|Any CPU
	EndGlobalSection
	GlobalSection(SolutionProperties) = preSolution
		HideSolutionNode = FALSE
	EndGlobalSection
	GlobalSection(ExtensibilityGlobals) = postSolution
		SolutionGuid = {44840836-3381-4CB5-BC2C-207A4ACB2A7E}
	EndGlobalSection
EndGlobal
